# This file is automatically @generated by Poetry 1.7.1 and should not be changed by hand.

[[package]]
name = "ijson"
version = "3.2.3"
description = "Iterative JSON parser with standard Python iterator interfaces"
optional = false
python-versions = "*"
files = [
    {file = "ijson-3.2.3-cp310-cp310-macosx_10_9_universal2.whl", hash = "sha256:0a4ae076bf97b0430e4e16c9cb635a6b773904aec45ed8dcbc9b17211b8569ba"},
    {file = "ijson-3.2.3-cp310-cp310-macosx_10_9_x86_64.whl", hash = "sha256:cfced0a6ec85916eb8c8e22415b7267ae118eaff2a860c42d2cc1261711d0d31"},
    {file = "ijson-3.2.3-cp310-cp310-macosx_11_0_arm64.whl", hash = "sha256:0b9d1141cfd1e6d6643aa0b4876730d0d28371815ce846d2e4e84a2d4f471cf3"},
    {file = "ijson-3.2.3-cp310-cp310-manylinux_2_17_aarch64.manylinux2014_aarch64.whl", hash = "sha256:9e0a27db6454edd6013d40a956d008361aac5bff375a9c04ab11fc8c214250b5"},
    {file = "ijson-3.2.3-cp310-cp310-manylinux_2_17_i686.manylinux2014_i686.whl", hash = "sha256:3c0d526ccb335c3c13063c273637d8611f32970603dfb182177b232d01f14c23"},
    {file = "ijson-3.2.3-cp310-cp310-manylinux_2_17_x86_64.manylinux2014_x86_64.whl", hash = "sha256:545a30b3659df2a3481593d30d60491d1594bc8005f99600e1bba647bb44cbb5"},
    {file = "ijson-3.2.3-cp310-cp310-musllinux_1_1_aarch64.whl", hash = "sha256:9680e37a10fedb3eab24a4a7e749d8a73f26f1a4c901430e7aa81b5da15f7307"},
    {file = "ijson-3.2.3-cp310-cp310-musllinux_1_1_i686.whl", hash = "sha256:2a80c0bb1053055d1599e44dc1396f713e8b3407000e6390add72d49633ff3bb"},
    {file = "ijson-3.2.3-cp310-cp310-musllinux_1_1_x86_64.whl", hash = "sha256:f05ed49f434ce396ddcf99e9fd98245328e99f991283850c309f5e3182211a79"},
    {file = "ijson-3.2.3-cp310-cp310-win32.whl", hash = "sha256:b4eb2304573c9fdf448d3fa4a4fdcb727b93002b5c5c56c14a5ffbbc39f64ae4"},
    {file = "ijson-3.2.3-cp310-cp310-win_amd64.whl", hash = "sha256:923131f5153c70936e8bd2dd9dcfcff43c67a3d1c789e9c96724747423c173eb"},
    {file = "ijson-3.2.3-cp311-cp311-macosx_10_9_universal2.whl", hash = "sha256:904f77dd3d87736ff668884fe5197a184748eb0c3e302ded61706501d0327465"},
    {file = "ijson-3.2.3-cp311-cp311-macosx_10_9_x86_64.whl", hash = "sha256:0974444c1f416e19de1e9f567a4560890095e71e81623c509feff642114c1e53"},
    {file = "ijson-3.2.3-cp311-cp311-macosx_11_0_arm64.whl", hash = "sha256:c1a4b8eb69b6d7b4e94170aa991efad75ba156b05f0de2a6cd84f991def12ff9"},
    {file = "ijson-3.2.3-cp311-cp311-manylinux_2_17_aarch64.manylinux2014_aarch64.whl", hash = "sha256:d052417fd7ce2221114f8d3b58f05a83c1a2b6b99cafe0b86ac9ed5e2fc889df"},
    {file = "ijson-3.2.3-cp311-cp311-manylinux_2_17_i686.manylinux2014_i686.whl", hash = "sha256:7b8064a85ec1b0beda7dd028e887f7112670d574db606f68006c72dd0bb0e0e2"},
    {file = "ijson-3.2.3-cp311-cp311-manylinux_2_17_x86_64.manylinux2014_x86_64.whl", hash = "sha256:eaac293853f1342a8d2a45ac1f723c860f700860e7743fb97f7b76356df883a8"},
    {file = "ijson-3.2.3-cp311-cp311-musllinux_1_1_aarch64.whl", hash = "sha256:6c32c18a934c1dc8917455b0ce478fd7a26c50c364bd52c5a4fb0fc6bb516af7"},
    {file = "ijson-3.2.3-cp311-cp311-musllinux_1_1_i686.whl", hash = "sha256:713a919e0220ac44dab12b5fed74f9130f3480e55e90f9d80f58de129ea24f83"},
    {file = "ijson-3.2.3-cp311-cp311-musllinux_1_1_x86_64.whl", hash = "sha256:4a3a6a2fbbe7550ffe52d151cf76065e6b89cfb3e9d0463e49a7e322a25d0426"},
    {file = "ijson-3.2.3-cp311-cp311-win32.whl", hash = "sha256:6a4db2f7fb9acfb855c9ae1aae602e4648dd1f88804a0d5cfb78c3639bcf156c"},
    {file = "ijson-3.2.3-cp311-cp311-win_amd64.whl", hash = "sha256:ccd6be56335cbb845f3d3021b1766299c056c70c4c9165fb2fbe2d62258bae3f"},
    {file = "ijson-3.2.3-cp312-cp312-macosx_10_9_universal2.whl", hash = "sha256:055b71bbc37af5c3c5861afe789e15211d2d3d06ac51ee5a647adf4def19c0ea"},
    {file = "ijson-3.2.3-cp312-cp312-macosx_10_9_x86_64.whl", hash = "sha256:c075a547de32f265a5dd139ab2035900fef6653951628862e5cdce0d101af557"},
    {file = "ijson-3.2.3-cp312-cp312-macosx_11_0_arm64.whl", hash = "sha256:457f8a5fc559478ac6b06b6d37ebacb4811f8c5156e997f0d87d708b0d8ab2ae"},
    {file = "ijson-3.2.3-cp312-cp312-manylinux_2_17_aarch64.manylinux2014_aarch64.whl", hash = "sha256:9788f0c915351f41f0e69ec2618b81ebfcf9f13d9d67c6d404c7f5afda3e4afb"},
    {file = "ijson-3.2.3-cp312-cp312-manylinux_2_17_i686.manylinux2014_i686.whl", hash = "sha256:fa234ab7a6a33ed51494d9d2197fb96296f9217ecae57f5551a55589091e7853"},
    {file = "ijson-3.2.3-cp312-cp312-manylinux_2_17_x86_64.manylinux2014_x86_64.whl", hash = "sha256:bdd0dc5da4f9dc6d12ab6e8e0c57d8b41d3c8f9ceed31a99dae7b2baf9ea769a"},
    {file = "ijson-3.2.3-cp312-cp312-musllinux_1_1_aarch64.whl", hash = "sha256:c6beb80df19713e39e68dc5c337b5c76d36ccf69c30b79034634e5e4c14d6904"},
    {file = "ijson-3.2.3-cp312-cp312-musllinux_1_1_i686.whl", hash = "sha256:a2973ce57afb142d96f35a14e9cfec08308ef178a2c76b8b5e1e98f3960438bf"},
    {file = "ijson-3.2.3-cp312-cp312-musllinux_1_1_x86_64.whl", hash = "sha256:105c314fd624e81ed20f925271ec506523b8dd236589ab6c0208b8707d652a0e"},
    {file = "ijson-3.2.3-cp312-cp312-win32.whl", hash = "sha256:ac44781de5e901ce8339352bb5594fcb3b94ced315a34dbe840b4cff3450e23b"},
    {file = "ijson-3.2.3-cp312-cp312-win_amd64.whl", hash = "sha256:0567e8c833825b119e74e10a7c29761dc65fcd155f5d4cb10f9d3b8916ef9912"},
    {file = "ijson-3.2.3-cp36-cp36m-macosx_10_9_x86_64.whl", hash = "sha256:eeb286639649fb6bed37997a5e30eefcacddac79476d24128348ec890b2a0ccb"},
    {file = "ijson-3.2.3-cp36-cp36m-manylinux_2_17_aarch64.manylinux2014_aarch64.whl", hash = "sha256:396338a655fb9af4ac59dd09c189885b51fa0eefc84d35408662031023c110d1"},
    {file = "ijson-3.2.3-cp36-cp36m-manylinux_2_17_i686.manylinux2014_i686.whl", hash = "sha256:0e0243d166d11a2a47c17c7e885debf3b19ed136be2af1f5d1c34212850236ac"},
    {file = "ijson-3.2.3-cp36-cp36m-manylinux_2_17_x86_64.manylinux2014_x86_64.whl", hash = "sha256:85afdb3f3a5d0011584d4fa8e6dccc5936be51c27e84cd2882fe904ca3bd04c5"},
    {file = "ijson-3.2.3-cp36-cp36m-musllinux_1_1_aarch64.whl", hash = "sha256:4fc35d569eff3afa76bfecf533f818ecb9390105be257f3f83c03204661ace70"},
    {file = "ijson-3.2.3-cp36-cp36m-musllinux_1_1_i686.whl", hash = "sha256:455d7d3b7a6aacfb8ab1ebcaf697eedf5be66e044eac32508fccdc633d995f0e"},
    {file = "ijson-3.2.3-cp36-cp36m-musllinux_1_1_x86_64.whl", hash = "sha256:c63f3d57dbbac56cead05b12b81e8e1e259f14ce7f233a8cbe7fa0996733b628"},
    {file = "ijson-3.2.3-cp36-cp36m-win32.whl", hash = "sha256:a4d7fe3629de3ecb088bff6dfe25f77be3e8261ed53d5e244717e266f8544305"},
    {file = "ijson-3.2.3-cp36-cp36m-win_amd64.whl", hash = "sha256:96190d59f015b5a2af388a98446e411f58ecc6a93934e036daa75f75d02386a0"},
    {file = "ijson-3.2.3-cp37-cp37m-macosx_10_9_x86_64.whl", hash = "sha256:35194e0b8a2bda12b4096e2e792efa5d4801a0abb950c48ade351d479cd22ba5"},
    {file = "ijson-3.2.3-cp37-cp37m-manylinux_2_17_aarch64.manylinux2014_aarch64.whl", hash = "sha256:d1053fb5f0b010ee76ca515e6af36b50d26c1728ad46be12f1f147a835341083"},
    {file = "ijson-3.2.3-cp37-cp37m-manylinux_2_17_i686.manylinux2014_i686.whl", hash = "sha256:211124cff9d9d139dd0dfced356f1472860352c055d2481459038b8205d7d742"},
    {file = "ijson-3.2.3-cp37-cp37m-manylinux_2_17_x86_64.manylinux2014_x86_64.whl", hash = "sha256:92dc4d48e9f6a271292d6079e9fcdce33c83d1acf11e6e12696fb05c5889fe74"},
    {file = "ijson-3.2.3-cp37-cp37m-musllinux_1_1_aarch64.whl", hash = "sha256:3dcc33ee56f92a77f48776014ddb47af67c33dda361e84371153c4f1ed4434e1"},
    {file = "ijson-3.2.3-cp37-cp37m-musllinux_1_1_i686.whl", hash = "sha256:98c6799925a5d1988da4cd68879b8eeab52c6e029acc45e03abb7921a4715c4b"},
    {file = "ijson-3.2.3-cp37-cp37m-musllinux_1_1_x86_64.whl", hash = "sha256:4252e48c95cd8ceefc2caade310559ab61c37d82dfa045928ed05328eb5b5f65"},
    {file = "ijson-3.2.3-cp37-cp37m-win32.whl", hash = "sha256:644f4f03349ff2731fd515afd1c91b9e439e90c9f8c28292251834154edbffca"},
    {file = "ijson-3.2.3-cp37-cp37m-win_amd64.whl", hash = "sha256:ba33c764afa9ecef62801ba7ac0319268a7526f50f7601370d9f8f04e77fc02b"},
    {file = "ijson-3.2.3-cp38-cp38-macosx_10_9_universal2.whl", hash = "sha256:4b2ec8c2a3f1742cbd5f36b65e192028e541b5fd8c7fd97c1fc0ca6c427c704a"},
    {file = "ijson-3.2.3-cp38-cp38-macosx_10_9_x86_64.whl", hash = "sha256:7dc357da4b4ebd8903e77dbcc3ce0555ee29ebe0747c3c7f56adda423df8ec89"},
    {file = "ijson-3.2.3-cp38-cp38-macosx_11_0_arm64.whl", hash = "sha256:bcc51c84bb220ac330122468fe526a7777faa6464e3b04c15b476761beea424f"},
    {file = "ijson-3.2.3-cp38-cp38-manylinux_2_17_aarch64.manylinux2014_aarch64.whl", hash = "sha256:f8d54b624629f9903005c58d9321a036c72f5c212701bbb93d1a520ecd15e370"},
    {file = "ijson-3.2.3-cp38-cp38-manylinux_2_17_i686.manylinux2014_i686.whl", hash = "sha256:d6ea7c7e3ec44742e867c72fd750c6a1e35b112f88a917615332c4476e718d40"},
    {file = "ijson-3.2.3-cp38-cp38-manylinux_2_17_x86_64.manylinux2014_x86_64.whl", hash = "sha256:916acdc5e504f8b66c3e287ada5d4b39a3275fc1f2013c4b05d1ab9933671a6c"},
    {file = "ijson-3.2.3-cp38-cp38-musllinux_1_1_aarch64.whl", hash = "sha256:81815b4184b85ce124bfc4c446d5f5e5e643fc119771c5916f035220ada29974"},
    {file = "ijson-3.2.3-cp38-cp38-musllinux_1_1_i686.whl", hash = "sha256:b49fd5fe1cd9c1c8caf6c59f82b08117dd6bea2ec45b641594e25948f48f4169"},
    {file = "ijson-3.2.3-cp38-cp38-musllinux_1_1_x86_64.whl", hash = "sha256:86b3c91fdcb8ffb30556c9669930f02b7642de58ca2987845b04f0d7fe46d9a8"},
    {file = "ijson-3.2.3-cp38-cp38-win32.whl", hash = "sha256:a729b0c8fb935481afe3cf7e0dadd0da3a69cc7f145dbab8502e2f1e01d85a7c"},
    {file = "ijson-3.2.3-cp38-cp38-win_amd64.whl", hash = "sha256:d34e049992d8a46922f96483e96b32ac4c9cffd01a5c33a928e70a283710cd58"},
    {file = "ijson-3.2.3-cp39-cp39-macosx_10_9_universal2.whl", hash = "sha256:9c2a12dcdb6fa28f333bf10b3a0f80ec70bc45280d8435be7e19696fab2bc706"},
    {file = "ijson-3.2.3-cp39-cp39-macosx_10_9_x86_64.whl", hash = "sha256:1844c5b57da21466f255a0aeddf89049e730d7f3dfc4d750f0e65c36e6a61a7c"},
    {file = "ijson-3.2.3-cp39-cp39-macosx_11_0_arm64.whl", hash = "sha256:2ec3e5ff2515f1c40ef6a94983158e172f004cd643b9e4b5302017139b6c96e4"},
    {file = "ijson-3.2.3-cp39-cp39-manylinux_2_17_aarch64.manylinux2014_aarch64.whl", hash = "sha256:46bafb1b9959872a1f946f8dd9c6f1a30a970fc05b7bfae8579da3f1f988e598"},
    {file = "ijson-3.2.3-cp39-cp39-manylinux_2_17_i686.manylinux2014_i686.whl", hash = "sha256:ab4db9fee0138b60e31b3c02fff8a4c28d7b152040553b6a91b60354aebd4b02"},
    {file = "ijson-3.2.3-cp39-cp39-manylinux_2_17_x86_64.manylinux2014_x86_64.whl", hash = "sha256:f4bc87e69d1997c6a55fff5ee2af878720801ff6ab1fb3b7f94adda050651e37"},
    {file = "ijson-3.2.3-cp39-cp39-musllinux_1_1_aarch64.whl", hash = "sha256:e9fd906f0c38e9f0bfd5365e1bed98d649f506721f76bb1a9baa5d7374f26f19"},
    {file = "ijson-3.2.3-cp39-cp39-musllinux_1_1_i686.whl", hash = "sha256:e84d27d1acb60d9102728d06b9650e5b7e5cb0631bd6e3dfadba8fb6a80d6c2f"},
    {file = "ijson-3.2.3-cp39-cp39-musllinux_1_1_x86_64.whl", hash = "sha256:2cc04fc0a22bb945cd179f614845c8b5106c0b3939ee0d84ce67c7a61ac1a936"},
    {file = "ijson-3.2.3-cp39-cp39-win32.whl", hash = "sha256:e641814793a037175f7ec1b717ebb68f26d89d82cfd66f36e588f32d7e488d5f"},
    {file = "ijson-3.2.3-cp39-cp39-win_amd64.whl", hash = "sha256:6bd3e7e91d031f1e8cea7ce53f704ab74e61e505e8072467e092172422728b22"},
    {file = "ijson-3.2.3-pp37-pypy37_pp73-macosx_10_9_x86_64.whl", hash = "sha256:06f9707da06a19b01013f8c65bf67db523662a9b4a4ff027e946e66c261f17f0"},
    {file = "ijson-3.2.3-pp37-pypy37_pp73-manylinux_2_17_aarch64.manylinux2014_aarch64.whl", hash = "sha256:be8495f7c13fa1f622a2c6b64e79ac63965b89caf664cc4e701c335c652d15f2"},
    {file = "ijson-3.2.3-pp37-pypy37_pp73-manylinux_2_17_i686.manylinux2014_i686.whl", hash = "sha256:7596b42f38c3dcf9d434dddd50f46aeb28e96f891444c2b4b1266304a19a2c09"},
    {file = "ijson-3.2.3-pp37-pypy37_pp73-manylinux_2_17_x86_64.manylinux2014_x86_64.whl", hash = "sha256:fbac4e9609a1086bbad075beb2ceec486a3b138604e12d2059a33ce2cba93051"},
    {file = "ijson-3.2.3-pp37-pypy37_pp73-win_amd64.whl", hash = "sha256:db2d6341f9cb538253e7fe23311d59252f124f47165221d3c06a7ed667ecd595"},
    {file = "ijson-3.2.3-pp38-pypy38_pp73-macosx_10_9_x86_64.whl", hash = "sha256:fa8b98be298efbb2588f883f9953113d8a0023ab39abe77fe734b71b46b1220a"},
    {file = "ijson-3.2.3-pp38-pypy38_pp73-manylinux_2_17_aarch64.manylinux2014_aarch64.whl", hash = "sha256:674e585361c702fad050ab4c153fd168dc30f5980ef42b64400bc84d194e662d"},
    {file = "ijson-3.2.3-pp38-pypy38_pp73-manylinux_2_17_i686.manylinux2014_i686.whl", hash = "sha256:fd12e42b9cb9c0166559a3ffa276b4f9fc9d5b4c304e5a13668642d34b48b634"},
    {file = "ijson-3.2.3-pp38-pypy38_pp73-manylinux_2_17_x86_64.manylinux2014_x86_64.whl", hash = "sha256:d31e0d771d82def80cd4663a66de277c3b44ba82cd48f630526b52f74663c639"},
    {file = "ijson-3.2.3-pp38-pypy38_pp73-win_amd64.whl", hash = "sha256:7ce4c70c23521179d6da842bb9bc2e36bb9fad1e0187e35423ff0f282890c9ca"},
    {file = "ijson-3.2.3-pp39-pypy39_pp73-macosx_10_9_x86_64.whl", hash = "sha256:39f551a6fbeed4433c85269c7c8778e2aaea2501d7ebcb65b38f556030642c17"},
    {file = "ijson-3.2.3-pp39-pypy39_pp73-manylinux_2_17_aarch64.manylinux2014_aarch64.whl", hash = "sha256:3b14d322fec0de7af16f3ef920bf282f0dd747200b69e0b9628117f381b7775b"},
    {file = "ijson-3.2.3-pp39-pypy39_pp73-manylinux_2_17_i686.manylinux2014_i686.whl", hash = "sha256:7851a341429b12d4527ca507097c959659baf5106c7074d15c17c387719ffbcd"},
    {file = "ijson-3.2.3-pp39-pypy39_pp73-manylinux_2_17_x86_64.manylinux2014_x86_64.whl", hash = "sha256:db3bf1b42191b5cc9b6441552fdcb3b583594cb6b19e90d1578b7cbcf80d0fae"},
    {file = "ijson-3.2.3-pp39-pypy39_pp73-win_amd64.whl", hash = "sha256:6f662dc44362a53af3084d3765bb01cd7b4734d1f484a6095cad4cb0cbfe5374"},
    {file = "ijson-3.2.3.tar.gz", hash = "sha256:10294e9bf89cb713da05bc4790bdff616610432db561964827074898e174f917"},
]

[[package]]
name = "numpy"
version = "1.26.3"
description = "Fundamental package for array computing in Python"
optional = false
python-versions = ">=3.9"
files = [
    {file = "numpy-1.26.3-cp310-cp310-macosx_10_9_x86_64.whl", hash = "sha256:806dd64230dbbfaca8a27faa64e2f414bf1c6622ab78cc4264f7f5f028fee3bf"},
    {file = "numpy-1.26.3-cp310-cp310-macosx_11_0_arm64.whl", hash = "sha256:02f98011ba4ab17f46f80f7f8f1c291ee7d855fcef0a5a98db80767a468c85cd"},
    {file = "numpy-1.26.3-cp310-cp310-manylinux_2_17_aarch64.manylinux2014_aarch64.whl", hash = "sha256:6d45b3ec2faed4baca41c76617fcdcfa4f684ff7a151ce6fc78ad3b6e85af0a6"},
    {file = "numpy-1.26.3-cp310-cp310-manylinux_2_17_x86_64.manylinux2014_x86_64.whl", hash = "sha256:bdd2b45bf079d9ad90377048e2747a0c82351989a2165821f0c96831b4a2a54b"},
    {file = "numpy-1.26.3-cp310-cp310-musllinux_1_1_aarch64.whl", hash = "sha256:211ddd1e94817ed2d175b60b6374120244a4dd2287f4ece45d49228b4d529178"},
    {file = "numpy-1.26.3-cp310-cp310-musllinux_1_1_x86_64.whl", hash = "sha256:b1240f767f69d7c4c8a29adde2310b871153df9b26b5cb2b54a561ac85146485"},
    {file = "numpy-1.26.3-cp310-cp310-win32.whl", hash = "sha256:21a9484e75ad018974a2fdaa216524d64ed4212e418e0a551a2d83403b0531d3"},
    {file = "numpy-1.26.3-cp310-cp310-win_amd64.whl", hash = "sha256:9e1591f6ae98bcfac2a4bbf9221c0b92ab49762228f38287f6eeb5f3f55905ce"},
    {file = "numpy-1.26.3-cp311-cp311-macosx_10_9_x86_64.whl", hash = "sha256:b831295e5472954104ecb46cd98c08b98b49c69fdb7040483aff799a755a7374"},
    {file = "numpy-1.26.3-cp311-cp311-macosx_11_0_arm64.whl", hash = "sha256:9e87562b91f68dd8b1c39149d0323b42e0082db7ddb8e934ab4c292094d575d6"},
    {file = "numpy-1.26.3-cp311-cp311-manylinux_2_17_aarch64.manylinux2014_aarch64.whl", hash = "sha256:8c66d6fec467e8c0f975818c1796d25c53521124b7cfb760114be0abad53a0a2"},
    {file = "numpy-1.26.3-cp311-cp311-manylinux_2_17_x86_64.manylinux2014_x86_64.whl", hash = "sha256:f25e2811a9c932e43943a2615e65fc487a0b6b49218899e62e426e7f0a57eeda"},
    {file = "numpy-1.26.3-cp311-cp311-musllinux_1_1_aarch64.whl", hash = "sha256:af36e0aa45e25c9f57bf684b1175e59ea05d9a7d3e8e87b7ae1a1da246f2767e"},
    {file = "numpy-1.26.3-cp311-cp311-musllinux_1_1_x86_64.whl", hash = "sha256:51c7f1b344f302067b02e0f5b5d2daa9ed4a721cf49f070280ac202738ea7f00"},
    {file = "numpy-1.26.3-cp311-cp311-win32.whl", hash = "sha256:7ca4f24341df071877849eb2034948459ce3a07915c2734f1abb4018d9c49d7b"},
    {file = "numpy-1.26.3-cp311-cp311-win_amd64.whl", hash = "sha256:39763aee6dfdd4878032361b30b2b12593fb445ddb66bbac802e2113eb8a6ac4"},
    {file = "numpy-1.26.3-cp312-cp312-macosx_10_9_x86_64.whl", hash = "sha256:a7081fd19a6d573e1a05e600c82a1c421011db7935ed0d5c483e9dd96b99cf13"},
    {file = "numpy-1.26.3-cp312-cp312-macosx_11_0_arm64.whl", hash = "sha256:12c70ac274b32bc00c7f61b515126c9205323703abb99cd41836e8125ea0043e"},
    {file = "numpy-1.26.3-cp312-cp312-manylinux_2_17_aarch64.manylinux2014_aarch64.whl", hash = "sha256:7f784e13e598e9594750b2ef6729bcd5a47f6cfe4a12cca13def35e06d8163e3"},
    {file = "numpy-1.26.3-cp312-cp312-manylinux_2_17_x86_64.manylinux2014_x86_64.whl", hash = "sha256:5f24750ef94d56ce6e33e4019a8a4d68cfdb1ef661a52cdaee628a56d2437419"},
    {file = "numpy-1.26.3-cp312-cp312-musllinux_1_1_aarch64.whl", hash = "sha256:77810ef29e0fb1d289d225cabb9ee6cf4d11978a00bb99f7f8ec2132a84e0166"},
    {file = "numpy-1.26.3-cp312-cp312-musllinux_1_1_x86_64.whl", hash = "sha256:8ed07a90f5450d99dad60d3799f9c03c6566709bd53b497eb9ccad9a55867f36"},
    {file = "numpy-1.26.3-cp312-cp312-win32.whl", hash = "sha256:f73497e8c38295aaa4741bdfa4fda1a5aedda5473074369eca10626835445511"},
    {file = "numpy-1.26.3-cp312-cp312-win_amd64.whl", hash = "sha256:da4b0c6c699a0ad73c810736303f7fbae483bcb012e38d7eb06a5e3b432c981b"},
    {file = "numpy-1.26.3-cp39-cp39-macosx_10_9_x86_64.whl", hash = "sha256:1666f634cb3c80ccbd77ec97bc17337718f56d6658acf5d3b906ca03e90ce87f"},
    {file = "numpy-1.26.3-cp39-cp39-macosx_11_0_arm64.whl", hash = "sha256:18c3319a7d39b2c6a9e3bb75aab2304ab79a811ac0168a671a62e6346c29b03f"},
    {file = "numpy-1.26.3-cp39-cp39-manylinux_2_17_aarch64.manylinux2014_aarch64.whl", hash = "sha256:0b7e807d6888da0db6e7e75838444d62495e2b588b99e90dd80c3459594e857b"},
    {file = "numpy-1.26.3-cp39-cp39-manylinux_2_17_x86_64.manylinux2014_x86_64.whl", hash = "sha256:b4d362e17bcb0011738c2d83e0a65ea8ce627057b2fdda37678f4374a382a137"},
    {file = "numpy-1.26.3-cp39-cp39-musllinux_1_1_aarch64.whl", hash = "sha256:b8c275f0ae90069496068c714387b4a0eba5d531aace269559ff2b43655edd58"},
    {file = "numpy-1.26.3-cp39-cp39-musllinux_1_1_x86_64.whl", hash = "sha256:cc0743f0302b94f397a4a65a660d4cd24267439eb16493fb3caad2e4389bccbb"},
    {file = "numpy-1.26.3-cp39-cp39-win32.whl", hash = "sha256:9bc6d1a7f8cedd519c4b7b1156d98e051b726bf160715b769106661d567b3f03"},
    {file = "numpy-1.26.3-cp39-cp39-win_amd64.whl", hash = "sha256:867e3644e208c8922a3be26fc6bbf112a035f50f0a86497f98f228c50c607bb2"},
    {file = "numpy-1.26.3-pp39-pypy39_pp73-macosx_10_9_x86_64.whl", hash = "sha256:3c67423b3703f8fbd90f5adaa37f85b5794d3366948efe9a5190a5f3a83fc34e"},
    {file = "numpy-1.26.3-pp39-pypy39_pp73-manylinux_2_17_x86_64.manylinux2014_x86_64.whl", hash = "sha256:46f47ee566d98849323f01b349d58f2557f02167ee301e5e28809a8c0e27a2d0"},
    {file = "numpy-1.26.3-pp39-pypy39_pp73-win_amd64.whl", hash = "sha256:a8474703bffc65ca15853d5fd4d06b18138ae90c17c8d12169968e998e448bb5"},
    {file = "numpy-1.26.3.tar.gz", hash = "sha256:697df43e2b6310ecc9d95f05d5ef20eacc09c7c4ecc9da3f235d39e71b7da1e4"},
]

[[package]]
name = "python-dateutil"
version = "2.8.2"
description = "Extensions to the standard Python datetime module"
optional = false
python-versions = "!=3.0.*,!=3.1.*,!=3.2.*,>=2.7"
files = [
    {file = "python-dateutil-2.8.2.tar.gz", hash = "sha256:0123cacc1627ae19ddf3c27a5de5bd67ee4586fbdd6440d9748f8abb483d3e86"},
    {file = "python_dateutil-2.8.2-py2.py3-none-any.whl", hash = "sha256:961d03dc3453ebbc59dbdea9e4e11c5651520a876d0f4db161e8674aae935da9"},
]

[package.dependencies]
six = ">=1.5"

[[package]]
name = "shapely"
version = "2.0.2"
description = "Manipulation and analysis of geometric objects"
optional = false
python-versions = ">=3.7"
files = [
    {file = "shapely-2.0.2-cp310-cp310-macosx_10_9_universal2.whl", hash = "sha256:6ca8cffbe84ddde8f52b297b53f8e0687bd31141abb2c373fd8a9f032df415d6"},
    {file = "shapely-2.0.2-cp310-cp310-macosx_10_9_x86_64.whl", hash = "sha256:baa14fc27771e180c06b499a0a7ba697c7988c7b2b6cba9a929a19a4d2762de3"},
    {file = "shapely-2.0.2-cp310-cp310-macosx_11_0_arm64.whl", hash = "sha256:36480e32c434d168cdf2f5e9862c84aaf4d714a43a8465ae3ce8ff327f0affb7"},
    {file = "shapely-2.0.2-cp310-cp310-manylinux_2_17_aarch64.manylinux2014_aarch64.whl", hash = "sha256:4ef753200cbffd4f652efb2c528c5474e5a14341a473994d90ad0606522a46a2"},
    {file = "shapely-2.0.2-cp310-cp310-manylinux_2_17_x86_64.manylinux2014_x86_64.whl", hash = "sha256:a9a41ff4323fc9d6257759c26eb1cf3a61ebc7e611e024e6091f42977303fd3a"},
    {file = "shapely-2.0.2-cp310-cp310-win32.whl", hash = "sha256:72b5997272ae8c25f0fd5b3b967b3237e87fab7978b8d6cd5fa748770f0c5d68"},
    {file = "shapely-2.0.2-cp310-cp310-win_amd64.whl", hash = "sha256:34eac2337cbd67650248761b140d2535855d21b969d76d76123317882d3a0c1a"},
    {file = "shapely-2.0.2-cp311-cp311-macosx_10_9_universal2.whl", hash = "sha256:5b0c052709c8a257c93b0d4943b0b7a3035f87e2d6a8ac9407b6a992d206422f"},
    {file = "shapely-2.0.2-cp311-cp311-macosx_10_9_x86_64.whl", hash = "sha256:2d217e56ae067e87b4e1731d0dc62eebe887ced729ba5c2d4590e9e3e9fdbd88"},
    {file = "shapely-2.0.2-cp311-cp311-macosx_11_0_arm64.whl", hash = "sha256:94ac128ae2ab4edd0bffcd4e566411ea7bdc738aeaf92c32a8a836abad725f9f"},
    {file = "shapely-2.0.2-cp311-cp311-manylinux_2_17_aarch64.manylinux2014_aarch64.whl", hash = "sha256:fa3ee28f5e63a130ec5af4dc3c4cb9c21c5788bb13c15e89190d163b14f9fb89"},
    {file = "shapely-2.0.2-cp311-cp311-manylinux_2_17_x86_64.manylinux2014_x86_64.whl", hash = "sha256:737dba15011e5a9b54a8302f1748b62daa207c9bc06f820cd0ad32a041f1c6f2"},
    {file = "shapely-2.0.2-cp311-cp311-win32.whl", hash = "sha256:45ac6906cff0765455a7b49c1670af6e230c419507c13e2f75db638c8fc6f3bd"},
    {file = "shapely-2.0.2-cp311-cp311-win_amd64.whl", hash = "sha256:dc9342fc82e374130db86a955c3c4525bfbf315a248af8277a913f30911bed9e"},
    {file = "shapely-2.0.2-cp312-cp312-macosx_10_9_universal2.whl", hash = "sha256:06f193091a7c6112fc08dfd195a1e3846a64306f890b151fa8c63b3e3624202c"},
    {file = "shapely-2.0.2-cp312-cp312-macosx_10_9_x86_64.whl", hash = "sha256:eebe544df5c018134f3c23b6515877f7e4cd72851f88a8d0c18464f414d141a2"},
    {file = "shapely-2.0.2-cp312-cp312-macosx_11_0_arm64.whl", hash = "sha256:7e92e7c255f89f5cdf777690313311f422aa8ada9a3205b187113274e0135cd8"},
    {file = "shapely-2.0.2-cp312-cp312-manylinux_2_17_aarch64.manylinux2014_aarch64.whl", hash = "sha256:be46d5509b9251dd9087768eaf35a71360de6afac82ce87c636990a0871aa18b"},
    {file = "shapely-2.0.2-cp312-cp312-manylinux_2_17_x86_64.manylinux2014_x86_64.whl", hash = "sha256:a5533a925d8e211d07636ffc2fdd9a7f9f13d54686d00577eeb11d16f00be9c4"},
    {file = "shapely-2.0.2-cp312-cp312-win32.whl", hash = "sha256:084b023dae8ad3d5b98acee9d3bf098fdf688eb0bb9b1401e8b075f6a627b611"},
    {file = "shapely-2.0.2-cp312-cp312-win_amd64.whl", hash = "sha256:ea84d1cdbcf31e619d672b53c4532f06253894185ee7acb8ceb78f5f33cbe033"},
    {file = "shapely-2.0.2-cp37-cp37m-macosx_10_9_x86_64.whl", hash = "sha256:ed1e99702125e7baccf401830a3b94d810d5c70b329b765fe93451fe14cf565b"},
    {file = "shapely-2.0.2-cp37-cp37m-manylinux_2_17_aarch64.manylinux2014_aarch64.whl", hash = "sha256:e7d897e6bdc6bc64f7f65155dbbb30e49acaabbd0d9266b9b4041f87d6e52b3a"},
    {file = "shapely-2.0.2-cp37-cp37m-manylinux_2_17_x86_64.manylinux2014_x86_64.whl", hash = "sha256:0521d76d1e8af01e712db71da9096b484f081e539d4f4a8c97342e7971d5e1b4"},
    {file = "shapely-2.0.2-cp37-cp37m-win32.whl", hash = "sha256:5324be299d4c533ecfcfd43424dfd12f9428fd6f12cda38a4316da001d6ef0ea"},
    {file = "shapely-2.0.2-cp37-cp37m-win_amd64.whl", hash = "sha256:78128357a0cee573257a0c2c388d4b7bf13cb7dbe5b3fe5d26d45ebbe2a39e25"},
    {file = "shapely-2.0.2-cp38-cp38-macosx_10_9_universal2.whl", hash = "sha256:87dc2be34ac3a3a4a319b963c507ac06682978a5e6c93d71917618b14f13066e"},
    {file = "shapely-2.0.2-cp38-cp38-macosx_10_9_x86_64.whl", hash = "sha256:42997ac806e4583dad51c80a32d38570fd9a3d4778f5e2c98f9090aa7db0fe91"},
    {file = "shapely-2.0.2-cp38-cp38-macosx_11_0_arm64.whl", hash = "sha256:ccfd5fa10a37e67dbafc601c1ddbcbbfef70d34c3f6b0efc866ddbdb55893a6c"},
    {file = "shapely-2.0.2-cp38-cp38-manylinux_2_17_aarch64.manylinux2014_aarch64.whl", hash = "sha256:e7c95d3379ae3abb74058938a9fcbc478c6b2e28d20dace38f8b5c587dde90aa"},
    {file = "shapely-2.0.2-cp38-cp38-manylinux_2_17_x86_64.manylinux2014_x86_64.whl", hash = "sha256:6a21353d28209fb0d8cc083e08ca53c52666e0d8a1f9bbe23b6063967d89ed24"},
    {file = "shapely-2.0.2-cp38-cp38-win32.whl", hash = "sha256:03e63a99dfe6bd3beb8d5f41ec2086585bb969991d603f9aeac335ad396a06d4"},
    {file = "shapely-2.0.2-cp38-cp38-win_amd64.whl", hash = "sha256:c6fd29fbd9cd76350bd5cc14c49de394a31770aed02d74203e23b928f3d2f1aa"},
    {file = "shapely-2.0.2-cp39-cp39-macosx_10_9_universal2.whl", hash = "sha256:1f217d28ecb48e593beae20a0082a95bd9898d82d14b8fcb497edf6bff9a44d7"},
    {file = "shapely-2.0.2-cp39-cp39-macosx_10_9_x86_64.whl", hash = "sha256:394e5085b49334fd5b94fa89c086edfb39c3ecab7f669e8b2a4298b9d523b3a5"},
    {file = "shapely-2.0.2-cp39-cp39-macosx_11_0_arm64.whl", hash = "sha256:fd3ad17b64466a033848c26cb5b509625c87d07dcf39a1541461cacdb8f7e91c"},
    {file = "shapely-2.0.2-cp39-cp39-manylinux_2_17_aarch64.manylinux2014_aarch64.whl", hash = "sha256:d41a116fcad58048d7143ddb01285e1a8780df6dc1f56c3b1e1b7f12ed296651"},
    {file = "shapely-2.0.2-cp39-cp39-manylinux_2_17_x86_64.manylinux2014_x86_64.whl", hash = "sha256:dea9a0651333cf96ef5bb2035044e3ad6a54f87d90e50fe4c2636debf1b77abc"},
    {file = "shapely-2.0.2-cp39-cp39-win32.whl", hash = "sha256:b8eb0a92f7b8c74f9d8fdd1b40d395113f59bd8132ca1348ebcc1f5aece94b96"},
    {file = "shapely-2.0.2-cp39-cp39-win_amd64.whl", hash = "sha256:794affd80ca0f2c536fc948a3afa90bd8fb61ebe37fe873483ae818e7f21def4"},
    {file = "shapely-2.0.2.tar.gz", hash = "sha256:1713cc04c171baffc5b259ba8531c58acc2a301707b7f021d88a15ed090649e7"},
]

[package.dependencies]
numpy = ">=1.14"

[package.extras]
docs = ["matplotlib", "numpydoc (==1.1.*)", "sphinx", "sphinx-book-theme", "sphinx-remove-toctrees"]
test = ["pytest", "pytest-cov"]

[[package]]
name = "six"
version = "1.16.0"
description = "Python 2 and 3 compatibility utilities"
optional = false
python-versions = ">=2.7, !=3.0.*, !=3.1.*, !=3.2.*"
files = [
    {file = "six-1.16.0-py2.py3-none-any.whl", hash = "sha256:8abb2f1d86890a2dfb989f9a77cfcfd3e47c2a354b01111771326f8aa26e0254"},
    {file = "six-1.16.0.tar.gz", hash = "sha256:1e61c37477a1626458e36f7b1d82aa5c9b094fa4802892072e49de9c60c4c926"},
]

[metadata]
lock-version = "2.0"
python-versions = "^3.12"
content-hash = "a4709a1ab225226bf7a15ded423bc8b1df325aeefebef3f20c6a31f4f9a5df4f"
